
Microsoft Visual Studio Solution File, Format Version 12.00
# Visual Studio 2012
Project("{F184B08F-C81C-45F6-A57F-5ABD9991F28F}") = "SistemaVentasWeb", "SistemaVentasWeb\SistemaVentasWeb.vbproj", "{BE51E984-ACC7-4B9E-8A81-7819EE99E06B}"
EndProject
Global
	GlobalSection(SolutionConfigurationPlatforms) = preSolution
		Debug|Any CPU = Debug|Any CPU
		Release|Any CPU = Release|Any CPU
	EndGlobalSection
	GlobalSection(ProjectConfigurationPlatforms) = postSolution
		{BE51E984-ACC7-4B9E-8A81-7819EE99E06B}.Debug|Any CPU.ActiveCfg = Debug|Any CPU
		{BE51E984-ACC7-4B9E-8A81-7819EE99E06B}.Debug|Any CPU.Build.0 = Debug|Any CPU
		{BE51E984-ACC7-4B9E-8A81-7819EE99E06B}.Release|Any CPU.ActiveCfg = Release|Any CPU
		{BE51E984-ACC7-4B9E-8A81-7819EE99E06B}.Release|Any CPU.Build.0 = Release|Any CPU
	EndGlobalSection
	GlobalSection(SolutionProperties) = preSolution
		HideSolutionNode = FALSE
	EndGlobalSection
EndGlobal
